Microsoft Visual Studio Solution File, Format Version 12.00
# Visual Studio Version 17
VisualStudioVersion = 17.13.35931.197
MinimumVisualStudioVersion = 10.0.40219.1
Project("{9A19103F-16F7-4668-BE54-9A1E7A4F7556}") = "CoolerMaster.ImageAi.Web", "CoolerMaster.ImageAi.Web\CoolerMaster.ImageAi.Web.csproj", "{C58DAEBF-B498-47DA-A53E-33AEA1921350}"
EndProject
Project("{9A19103F-16F7-4668-BE54-9A1E7A4F7556}") = "CoolerMaster.ImageAi.Crawler", "CoolerMaster.ImageAi.Crawler\CoolerMaster.ImageAi.Crawler.csproj", "{D5DEFB32-4386-4160-9733-3A61CC830E5D}"
EndProject
Project("{FAE04EC0-301F-11D3-BF4B-00C04F79EFBC}") = "CoolerMaster.ImageAi.Shared", "CoolerMaster.ImageAi.Shared\CoolerMaster.ImageAi.Shared.csproj", "{F9E264B6-E239-437B-83D9-313A5D4FD6EA}"
EndProject
Global
	GlobalSection(SolutionConfigurationPlatforms) = preSolution
		Debug|Any CPU = Debug|Any CPU
		Release|Any CPU = Release|Any CPU
	EndGlobalSection
	GlobalSection(ProjectConfigurationPlatforms) = postSolution
		{C58DAEBF-B498-47DA-A53E-33AEA1921350}.Debug|Any CPU.ActiveCfg = Debug|Any CPU
		{C58DAEBF-B498-47DA-A53E-33AEA1921350}.Debug|Any CPU.Build.0 = Debug|Any CPU
		{C58DAEBF-B498-47DA-A53E-33AEA1921350}.Release|Any CPU.ActiveCfg = Release|Any CPU
		{C58DAEBF-B498-47DA-A53E-33AEA1921350}.Release|Any CPU.Build.0 = Release|Any CPU
		{D5DEFB32-4386-4160-9733-3A61CC830E5D}.Debug|Any CPU.ActiveCfg = Debug|Any CPU
		{D5DEFB32-4386-4160-9733-3A61CC830E5D}.Debug|Any CPU.Build.0 = Debug|Any CPU
		{D5DEFB32-4386-4160-9733-3A61CC830E5D}.Release|Any CPU.ActiveCfg = Release|Any CPU
		{D5DEFB32-4386-4160-9733-3A61CC830E5D}.Release|Any CPU.Build.0 = Release|Any CPU
		{F9E264B6-E239-437B-83D9-313A5D4FD6EA}.Debug|Any CPU.ActiveCfg = Debug|Any CPU
		{F9E264B6-E239-437B-83D9-313A5D4FD6EA}.Debug|Any CPU.Build.0 = Debug|Any CPU
		{F9E264B6-E239-437B-83D9-313A5D4FD6EA}.Release|Any CPU.ActiveCfg = Release|Any CPU
		{F9E264B6-E239-437B-83D9-313A5D4FD6EA}.Release|Any CPU.Build.0 = Release|Any CPU
	EndGlobalSection
	GlobalSection(SolutionProperties) = preSolution
		HideSolutionNode = FALSE
	EndGlobalSection
	GlobalSection(ExtensibilityGlobals) = postSolution
		SolutionGuid = {E7023FCD-8D87-456D-B33C-762DDA4EE194}
	EndGlobalSection
EndGlobal
